
Microsoft Visual Studio Solution File, Format Version 12.00
# Visual Studio Version 17
VisualStudioVersion = 17.2.32519.379
MinimumVisualStudioVersion = 10.0.40219.1
Project("{FAE04EC0-301F-11D3-BF4B-00C04F79EFBC}") = "lab.WebApiSample", "lab.WebApiSample\lab.WebApiSample.csproj", "{A41D5B75-5465-454D-BC04-A7E8F01B501D}"
EndProject
Global
	GlobalSection(SolutionConfigurationPlatforms) = preSolution
		Debug|Any CPU = Debug|Any CPU
		Release|Any CPU = Release|Any CPU
	EndGlobalSection
	GlobalSection(ProjectConfigurationPlatforms) = postSolution
		{A41D5B75-5465-454D-BC04-A7E8F01B501D}.Debug|Any CPU.ActiveCfg = Debug|Any CPU
		{A41D5B75-5465-454D-BC04-A7E8F01B501D}.Debug|Any CPU.Build.0 = Debug|Any CPU
		{A41D5B75-5465-454D-BC04-A7E8F01B501D}.Release|Any CPU.ActiveCfg = Release|Any CPU
		{A41D5B75-5465-454D-BC04-A7E8F01B501D}.Release|Any CPU.Build.0 = Release|Any CPU
	EndGlobalSection
	GlobalSection(SolutionProperties) = preSolution
		HideSolutionNode = FALSE
	EndGlobalSection
	GlobalSection(ExtensibilityGlobals) = postSolution
		SolutionGuid = {F4721B63-1AAE-497A-BAD4-EAE772481550}
	EndGlobalSection
EndGlobal
