
Microsoft Visual Studio Solution File, Format Version 12.00
# Visual Studio Version 16
VisualStudioVersion = 16.0.32510.428
MinimumVisualStudioVersion = 10.0.40219.1
Project("{FAE04EC0-301F-11D3-BF4B-00C04F79EFBC}") = "lab.WebApi19Sample", "lab.WebApi19Sample\lab.WebApi19Sample.csproj", "{91ECBE27-B617-49FD-9E21-4F45564A5C44}"
EndProject
Global
	GlobalSection(SolutionConfigurationPlatforms) = preSolution
		Debug|Any CPU = Debug|Any CPU
		Release|Any CPU = Release|Any CPU
	EndGlobalSection
	GlobalSection(ProjectConfigurationPlatforms) = postSolution
		{91ECBE27-B617-49FD-9E21-4F45564A5C44}.Debug|Any CPU.ActiveCfg = Debug|Any CPU
		{91ECBE27-B617-49FD-9E21-4F45564A5C44}.Debug|Any CPU.Build.0 = Debug|Any CPU
		{91ECBE27-B617-49FD-9E21-4F45564A5C44}.Release|Any CPU.ActiveCfg = Release|Any CPU
		{91ECBE27-B617-49FD-9E21-4F45564A5C44}.Release|Any CPU.Build.0 = Release|Any CPU
	EndGlobalSection
	GlobalSection(SolutionProperties) = preSolution
		HideSolutionNode = FALSE
	EndGlobalSection
	GlobalSection(ExtensibilityGlobals) = postSolution
		SolutionGuid = {928DF80B-7750-4D7A-8115-B17FD4F894AD}
	EndGlobalSection
EndGlobal
